
Microsoft Visual Studio Solution File, Format Version 12.00
# Visual Studio 14
VisualStudioVersion = 14.0.25123.0
MinimumVisualStudioVersion = 10.0.40219.1
Project("{FAE04EC0-301F-11D3-BF4B-00C04F79EFBC}") = "Web", "Web\Web.csproj", "{C88C2DF5-1553-4C11-A75C-DA2E0BD7856E}"
	ProjectSection(ProjectDependencies) = postProject
		{64A96DC4-4A50-499C-9BCF-CF66D32E085D} = {64A96DC4-4A50-499C-9BCF-CF66D32E085D}
	EndProjectSection
EndProject
Project("{FAE04EC0-301F-11D3-BF4B-00C04F79EFBC}") = "Common", "Common\Common.csproj", "{912B961A-F3DA-47A7-805C-E7643BC09D0D}"
EndProject
Project("{FAE04EC0-301F-11D3-BF4B-00C04F79EFBC}") = "DataAccess", "DataAccess\DataAccess.csproj", "{64A96DC4-4A50-499C-9BCF-CF66D32E085D}"
EndProject
Project("{FAE04EC0-301F-11D3-BF4B-00C04F79EFBC}") = "Business", "Business\Business.csproj", "{BE113C2B-7B36-45EC-829B-2A8A2B00290B}"
EndProject
Global
	GlobalSection(SolutionConfigurationPlatforms) = preSolution
		Debug|Any CPU = Debug|Any CPU
		Release|Any CPU = Release|Any CPU
	EndGlobalSection
	GlobalSection(ProjectConfigurationPlatforms) = postSolution
		{C88C2DF5-1553-4C11-A75C-DA2E0BD7856E}.Debug|Any CPU.ActiveCfg = Debug|Any CPU
		{C88C2DF5-1553-4C11-A75C-DA2E0BD7856E}.Debug|Any CPU.Build.0 = Debug|Any CPU
		{C88C2DF5-1553-4C11-A75C-DA2E0BD7856E}.Release|Any CPU.ActiveCfg = Release|Any CPU
		{C88C2DF5-1553-4C11-A75C-DA2E0BD7856E}.Release|Any CPU.Build.0 = Release|Any CPU
		{912B961A-F3DA-47A7-805C-E7643BC09D0D}.Debug|Any CPU.ActiveCfg = Debug|Any CPU
		{912B961A-F3DA-47A7-805C-E7643BC09D0D}.Debug|Any CPU.Build.0 = Debug|Any CPU
		{912B961A-F3DA-47A7-805C-E7643BC09D0D}.Release|Any CPU.ActiveCfg = Release|Any CPU
		{912B961A-F3DA-47A7-805C-E7643BC09D0D}.Release|Any CPU.Build.0 = Release|Any CPU
		{64A96DC4-4A50-499C-9BCF-CF66D32E085D}.Debug|Any CPU.ActiveCfg = Debug|Any CPU
		{64A96DC4-4A50-499C-9BCF-CF66D32E085D}.Debug|Any CPU.Build.0 = Debug|Any CPU
		{64A96DC4-4A50-499C-9BCF-CF66D32E085D}.Release|Any CPU.ActiveCfg = Release|Any CPU
		{64A96DC4-4A50-499C-9BCF-CF66D32E085D}.Release|Any CPU.Build.0 = Release|Any CPU
		{BE113C2B-7B36-45EC-829B-2A8A2B00290B}.Debug|Any CPU.ActiveCfg = Debug|Any CPU
		{BE113C2B-7B36-45EC-829B-2A8A2B00290B}.Debug|Any CPU.Build.0 = Debug|Any CPU
		{BE113C2B-7B36-45EC-829B-2A8A2B00290B}.Release|Any CPU.ActiveCfg = Release|Any CPU
		{BE113C2B-7B36-45EC-829B-2A8A2B00290B}.Release|Any CPU.Build.0 = Release|Any CPU
	EndGlobalSection
	GlobalSection(SolutionProperties) = preSolution
		HideSolutionNode = FALSE
	EndGlobalSection
EndGlobal
